
Microsoft Visual Studio Solution File, Format Version 12.00
# Visual Studio 15
VisualStudioVersion = 15.0.27703.2018
MinimumVisualStudioVersion = 10.0.40219.1
Project("{9A19103F-16F7-4668-BE54-9A1E7A4F7556}") = "Molto", "src\Molto\Molto.csproj", "{5419A909-0FF9-4107-9F1A-E76B7A4BC7B7}"
EndProject
Project("{9A19103F-16F7-4668-BE54-9A1E7A4F7556}") = "Molto.Abstractions", "src\Molto.Abstractions\Molto.Abstractions.csproj", "{C709872F-22E6-4619-AE57-2A245E06104D}"
EndProject
Project("{9A19103F-16F7-4668-BE54-9A1E7A4F7556}") = "Molto.Tests", "tests\Molto.Tests\Molto.Tests.csproj", "{125BFB45-CA37-4AF2-A6B3-47B8CF9CC432}"
EndProject
Project("{9A19103F-16F7-4668-BE54-9A1E7A4F7556}") = "Molto.IntegrationTests.MsSql2014", "tests\Molto.IntegrationTests.MsSql2014\Molto.IntegrationTests.MsSql2014.csproj", "{9D503831-A5A8-4D31-8675-F209B14D2239}"
EndProject
Project("{9A19103F-16F7-4668-BE54-9A1E7A4F7556}") = "Molto.IntegrationTests.Abstractions", "tests\Molto.IntegrationTests.Abstractions\Molto.IntegrationTests.Abstractions.csproj", "{19076392-C30B-4AE0-8E55-89BE29097552}"
EndProject
Project("{9A19103F-16F7-4668-BE54-9A1E7A4F7556}") = "Molto.MsSql2014", "src\Molto.MsSql2014\Molto.MsSql2014.csproj", "{37424D1C-2786-4F2F-AD59-AD3F27122E7D}"
EndProject
Project("{9A19103F-16F7-4668-BE54-9A1E7A4F7556}") = "Molto.SQLite", "src\Molto.SQLite\Molto.SQLite.csproj", "{6F35B696-6818-480E-87D2-1ABD4E732BAB}"
EndProject
Project("{9A19103F-16F7-4668-BE54-9A1E7A4F7556}") = "Molto.IntegrationTests.SQLite", "tests\Molto.IntegrationTests.SQLite\Molto.IntegrationTests.SQLite.csproj", "{9F05AE6C-E3A4-4C60-8496-7229C5390396}"
EndProject
Project("{2150E333-8FDC-42A3-9474-1A3956D46DE8}") = "Tests", "Tests", "{28248998-1CBF-4779-8C58-179D4A376A4B}"
EndProject
Project("{2150E333-8FDC-42A3-9474-1A3956D46DE8}") = "Docs", "Docs", "{5DB6AED7-AFE0-4A03-9413-C09DB12D1453}"
	ProjectSection(SolutionItems) = preProject
		README.md = README.md
	EndProjectSection
EndProject
Project("{9A19103F-16F7-4668-BE54-9A1E7A4F7556}") = "Molto.Tests.Benchmark", "tests\Molto.Tests.Benchmark\Molto.Tests.Benchmark.csproj", "{22B4B6EA-41B1-4FB3-90C9-87FE7150EE81}"
EndProject
Project("{9A19103F-16F7-4668-BE54-9A1E7A4F7556}") = "Molto.PostgreSql", "src\Molto.PostgreSql\Molto.PostgreSql.csproj", "{2CAB8B4F-C35A-47FC-9BA1-9FC3876173CE}"
EndProject
Project("{9A19103F-16F7-4668-BE54-9A1E7A4F7556}") = "Molto.IntegrationTests.PostgreSql", "tests\Molto.IntegrationTests.PostgreSql\Molto.IntegrationTests.PostgreSql.csproj", "{C98AADB5-BD92-4FE0-899E-40601E6D55FD}"
EndProject
Project("{FAE04EC0-301F-11D3-BF4B-00C04F79EFBC}") = "Molto.Ideas.Tests", "tests\Molto.Ideas.Tests\Molto.Ideas.Tests.csproj", "{EED15980-78A4-4292-93AC-A5BCC3740696}"
EndProject
Global
	GlobalSection(SolutionConfigurationPlatforms) = preSolution
		Debug|Any CPU = Debug|Any CPU
		Release|Any CPU = Release|Any CPU
	EndGlobalSection
	GlobalSection(ProjectConfigurationPlatforms) = postSolution
		{5419A909-0FF9-4107-9F1A-E76B7A4BC7B7}.Debug|Any CPU.ActiveCfg = Debug|Any CPU
		{5419A909-0FF9-4107-9F1A-E76B7A4BC7B7}.Debug|Any CPU.Build.0 = Debug|Any CPU
		{5419A909-0FF9-4107-9F1A-E76B7A4BC7B7}.Release|Any CPU.ActiveCfg = Release|Any CPU
		{5419A909-0FF9-4107-9F1A-E76B7A4BC7B7}.Release|Any CPU.Build.0 = Release|Any CPU
		{C709872F-22E6-4619-AE57-2A245E06104D}.Debug|Any CPU.ActiveCfg = Debug|Any CPU
		{C709872F-22E6-4619-AE57-2A245E06104D}.Debug|Any CPU.Build.0 = Debug|Any CPU
		{C709872F-22E6-4619-AE57-2A245E06104D}.Release|Any CPU.ActiveCfg = Release|Any CPU
		{C709872F-22E6-4619-AE57-2A245E06104D}.Release|Any CPU.Build.0 = Release|Any CPU
		{125BFB45-CA37-4AF2-A6B3-47B8CF9CC432}.Debug|Any CPU.ActiveCfg = Debug|Any CPU
		{125BFB45-CA37-4AF2-A6B3-47B8CF9CC432}.Debug|Any CPU.Build.0 = Debug|Any CPU
		{125BFB45-CA37-4AF2-A6B3-47B8CF9CC432}.Release|Any CPU.ActiveCfg = Release|Any CPU
		{125BFB45-CA37-4AF2-A6B3-47B8CF9CC432}.Release|Any CPU.Build.0 = Release|Any CPU
		{9D503831-A5A8-4D31-8675-F209B14D2239}.Debug|Any CPU.ActiveCfg = Debug|Any CPU
		{9D503831-A5A8-4D31-8675-F209B14D2239}.Debug|Any CPU.Build.0 = Debug|Any CPU
		{9D503831-A5A8-4D31-8675-F209B14D2239}.Release|Any CPU.ActiveCfg = Release|Any CPU
		{9D503831-A5A8-4D31-8675-F209B14D2239}.Release|Any CPU.Build.0 = Release|Any CPU
		{19076392-C30B-4AE0-8E55-89BE29097552}.Debug|Any CPU.ActiveCfg = Debug|Any CPU
		{19076392-C30B-4AE0-8E55-89BE29097552}.Debug|Any CPU.Build.0 = Debug|Any CPU
		{19076392-C30B-4AE0-8E55-89BE29097552}.Release|Any CPU.ActiveCfg = Release|Any CPU
		{19076392-C30B-4AE0-8E55-89BE29097552}.Release|Any CPU.Build.0 = Release|Any CPU
		{37424D1C-2786-4F2F-AD59-AD3F27122E7D}.Debug|Any CPU.ActiveCfg = Debug|Any CPU
		{37424D1C-2786-4F2F-AD59-AD3F27122E7D}.Debug|Any CPU.Build.0 = Debug|Any CPU
		{37424D1C-2786-4F2F-AD59-AD3F27122E7D}.Release|Any CPU.ActiveCfg = Release|Any CPU
		{37424D1C-2786-4F2F-AD59-AD3F27122E7D}.Release|Any CPU.Build.0 = Release|Any CPU
		{6F35B696-6818-480E-87D2-1ABD4E732BAB}.Debug|Any CPU.ActiveCfg = Debug|Any CPU
		{6F35B696-6818-480E-87D2-1ABD4E732BAB}.Debug|Any CPU.Build.0 = Debug|Any CPU
		{6F35B696-6818-480E-87D2-1ABD4E732BAB}.Release|Any CPU.ActiveCfg = Release|Any CPU
		{6F35B696-6818-480E-87D2-1ABD4E732BAB}.Release|Any CPU.Build.0 = Release|Any CPU
		{9F05AE6C-E3A4-4C60-8496-7229C5390396}.Debug|Any CPU.ActiveCfg = Debug|Any CPU
		{9F05AE6C-E3A4-4C60-8496-7229C5390396}.Debug|Any CPU.Build.0 = Debug|Any CPU
		{9F05AE6C-E3A4-4C60-8496-7229C5390396}.Release|Any CPU.ActiveCfg = Release|Any CPU
		{9F05AE6C-E3A4-4C60-8496-7229C5390396}.Release|Any CPU.Build.0 = Release|Any CPU
		{22B4B6EA-41B1-4FB3-90C9-87FE7150EE81}.Debug|Any CPU.ActiveCfg = Debug|Any CPU
		{22B4B6EA-41B1-4FB3-90C9-87FE7150EE81}.Debug|Any CPU.Build.0 = Debug|Any CPU
		{22B4B6EA-41B1-4FB3-90C9-87FE7150EE81}.Release|Any CPU.ActiveCfg = Release|Any CPU
		{22B4B6EA-41B1-4FB3-90C9-87FE7150EE81}.Release|Any CPU.Build.0 = Release|Any CPU
		{2CAB8B4F-C35A-47FC-9BA1-9FC3876173CE}.Debug|Any CPU.ActiveCfg = Debug|Any CPU
		{2CAB8B4F-C35A-47FC-9BA1-9FC3876173CE}.Debug|Any CPU.Build.0 = Debug|Any CPU
		{2CAB8B4F-C35A-47FC-9BA1-9FC3876173CE}.Release|Any CPU.ActiveCfg = Release|Any CPU
		{2CAB8B4F-C35A-47FC-9BA1-9FC3876173CE}.Release|Any CPU.Build.0 = Release|Any CPU
		{C98AADB5-BD92-4FE0-899E-40601E6D55FD}.Debug|Any CPU.ActiveCfg = Debug|Any CPU
		{C98AADB5-BD92-4FE0-899E-40601E6D55FD}.Debug|Any CPU.Build.0 = Debug|Any CPU
		{C98AADB5-BD92-4FE0-899E-40601E6D55FD}.Release|Any CPU.ActiveCfg = Release|Any CPU
		{C98AADB5-BD92-4FE0-899E-40601E6D55FD}.Release|Any CPU.Build.0 = Release|Any CPU
		{EED15980-78A4-4292-93AC-A5BCC3740696}.Debug|Any CPU.ActiveCfg = Debug|Any CPU
		{EED15980-78A4-4292-93AC-A5BCC3740696}.Debug|Any CPU.Build.0 = Debug|Any CPU
		{EED15980-78A4-4292-93AC-A5BCC3740696}.Release|Any CPU.ActiveCfg = Release|Any CPU
		{EED15980-78A4-4292-93AC-A5BCC3740696}.Release|Any CPU.Build.0 = Release|Any CPU
	EndGlobalSection
	GlobalSection(SolutionProperties) = preSolution
		HideSolutionNode = FALSE
	EndGlobalSection
	GlobalSection(NestedProjects) = preSolution
		{125BFB45-CA37-4AF2-A6B3-47B8CF9CC432} = {28248998-1CBF-4779-8C58-179D4A376A4B}
		{9D503831-A5A8-4D31-8675-F209B14D2239} = {28248998-1CBF-4779-8C58-179D4A376A4B}
		{19076392-C30B-4AE0-8E55-89BE29097552} = {28248998-1CBF-4779-8C58-179D4A376A4B}
		{9F05AE6C-E3A4-4C60-8496-7229C5390396} = {28248998-1CBF-4779-8C58-179D4A376A4B}
		{22B4B6EA-41B1-4FB3-90C9-87FE7150EE81} = {28248998-1CBF-4779-8C58-179D4A376A4B}
		{C98AADB5-BD92-4FE0-899E-40601E6D55FD} = {28248998-1CBF-4779-8C58-179D4A376A4B}
		{EED15980-78A4-4292-93AC-A5BCC3740696} = {28248998-1CBF-4779-8C58-179D4A376A4B}
	EndGlobalSection
	GlobalSection(ExtensibilityGlobals) = postSolution
		SolutionGuid = {303C6E0C-DB4E-4393-B5CE-2B5598CA1837}
	EndGlobalSection
EndGlobal
